
Microsoft Visual Studio Solution File, Format Version 12.00
# Visual Studio Version 17
VisualStudioVersion = 17.11.35327.3
MinimumVisualStudioVersion = 10.0.40219.1
Project("{FAE04EC0-301F-11D3-BF4B-00C04F79EFBC}") = "Numar format doar din 2 cifre care se pot repeta", "Numar format doar din 2 cifre care se pot repeta\Numar format doar din 2 cifre care se pot repeta.csproj", "{9E8C4328-85A1-41DF-AFC0-6CB3F77C3DCB}"
EndProject
Global
	GlobalSection(SolutionConfigurationPlatforms) = preSolution
		Debug|Any CPU = Debug|Any CPU
		Release|Any CPU = Release|Any CPU
	EndGlobalSection
	GlobalSection(ProjectConfigurationPlatforms) = postSolution
		{9E8C4328-85A1-41DF-AFC0-6CB3F77C3DCB}.Debug|Any CPU.ActiveCfg = Debug|Any CPU
		{9E8C4328-85A1-41DF-AFC0-6CB3F77C3DCB}.Debug|Any CPU.Build.0 = Debug|Any CPU
		{9E8C4328-85A1-41DF-AFC0-6CB3F77C3DCB}.Release|Any CPU.ActiveCfg = Release|Any CPU
		{9E8C4328-85A1-41DF-AFC0-6CB3F77C3DCB}.Release|Any CPU.Build.0 = Release|Any CPU
	EndGlobalSection
	GlobalSection(SolutionProperties) = preSolution
		HideSolutionNode = FALSE
	EndGlobalSection
	GlobalSection(ExtensibilityGlobals) = postSolution
		SolutionGuid = {F3E4EE28-CA33-4E03-A17F-F9AA7118C3B5}
	EndGlobalSection
EndGlobal
